// !$*UTF8*$!
{
	archiveVersion = 1;
	classes = {
	};
	objectVersion = 50;
	objects = {

/* Begin PBXBuildFile section */
		C2F6AAFF2724427900C03B88 /* Senac_1_projApp.swift in Sources */ = {isa = PBXBuildFile; fileRef = C2F6AAFE2724427900C03B88 /* Senac_1_projApp.swift */; };
		C2F6AB012724427900C03B88 /* NotesView.swift in Sources */ = {isa = PBXBuildFile; fileRef = C2F6AB002724427900C03B88 /* NotesView.swift */; };
		C2F6AB032724427A00C03B88 /* Assets.xcassets in Resources */ = {isa = PBXBuildFile; fileRef = C2F6AB022724427A00C03B88 /* Assets.xcassets */; };
		C2F6AB062724427A00C03B88 /* Preview Assets.xcassets in Resources */ = {isa = PBXBuildFile; fileRef = C2F6AB052724427A00C03B88 /* Preview Assets.xcassets */; };
		C2F6AB112724449E00C03B88 /* Note.swift in Sources */ = {isa = PBXBuildFile; fileRef = C2F6AB102724449E00C03B88 /* Note.swift */; };
		C2F6AB14272447DE00C03B88 /* ContainerNotes.swift in Sources */ = {isa = PBXBuildFile; fileRef = C2F6AB13272447DE00C03B88 /* ContainerNotes.swift */; };
		C2F6AB1927244C2500C03B88 /* NotessView.swift in Sources */ = {isa = PBXBuildFile; fileRef = C2F6AB1827244C2500C03B88 /* NotessView.swift */; };
/* End PBXBuildFile section */

/* Begin PBXFileReference section */
		C2F6AAFB2724427900C03B88 /* Senac-1-proj.app */ = {isa = PBXFileReference; explicitFileType = wrapper.application; includeInIndex = 0; path = "Senac-1-proj.app"; sourceTree = BUILT_PRODUCTS_DIR; };
		C2F6AAFE2724427900C03B88 /* Senac_1_projApp.swift */ = {isa = PBXFileReference; lastKnownFileType = sourcecode.swift; path = Senac_1_projApp.swift; sourceTree = "<group>"; };
		C2F6AB002724427900C03B88 /* NotesView.swift */ = {isa = PBXFileReference; lastKnownFileType = sourcecode.swift; path = NotesView.swift; sourceTree = "<group>"; };
		C2F6AB022724427A00C03B88 /* Assets.xcassets */ = {isa = PBXFileReference; lastKnownFileType = folder.assetcatalog; path = Assets.xcassets; sourceTree = "<group>"; };
		C2F6AB052724427A00C03B88 /* Preview Assets.xcassets */ = {isa = PBXFileReference; lastKnownFileType = folder.assetcatalog; path = "Preview Assets.xcassets"; sourceTree = "<group>"; };
		C2F6AB072724427A00C03B88 /* Info.plist */ = {isa = PBXFileReference; lastKnownFileType = text.plist.xml; path = Info.plist; sourceTree = "<group>"; };
		C2F6AB102724449E00C03B88 /* Note.swift */ = {isa = PBXFileReference; lastKnownFileType = sourcecode.swift; path = Note.swift; sourceTree = "<group>"; };
		C2F6AB13272447DE00C03B88 /* ContainerNotes.swift */ = {isa = PBXFileReference; lastKnownFileType = sourcecode.swift; path = ContainerNotes.swift; sourceTree = "<group>"; };
		C2F6AB1827244C2500C03B88 /* NotessView.swift */ = {isa = PBXFileReference; lastKnownFileType = sourcecode.swift; path = NotessView.swift; sourceTree = "<group>"; };
/* End PBXFileReference section */

/* Begin PBXFrameworksBuildPhase section */
		C2F6AAF82724427900C03B88 /* Frameworks */ = {
			isa = PBXFrameworksBuildPhase;
			buildActionMask = 2147483647;
			files = (
			);
			runOnlyForDeploymentPostprocessing = 0;
		};
/* End PBXFrameworksBuildPhase section */

/* Begin PBXGroup section */
		C2F6AAF22724427900C03B88 = {
			isa = PBXGroup;
			children = (
				C2F6AAFD2724427900C03B88 /* Senac-1-proj */,
				C2F6AAFC2724427900C03B88 /* Products */,
			);
			sourceTree = "<group>";
		};
		C2F6AAFC2724427900C03B88 /* Products */ = {
			isa = PBXGroup;
			children = (
				C2F6AAFB2724427900C03B88 /* Senac-1-proj.app */,
			);
			name = Products;
			sourceTree = "<group>";
		};
		C2F6AAFD2724427900C03B88 /* Senac-1-proj */ = {
			isa = PBXGroup;
			children = (
				C2F6AB162724482100C03B88 /* View */,
				C2F6AB0E2724432C00C03B88 /* Model */,
				C2F6AAFE2724427900C03B88 /* Senac_1_projApp.swift */,
				C2F6AB022724427A00C03B88 /* Assets.xcassets */,
				C2F6AB072724427A00C03B88 /* Info.plist */,
				C2F6AB042724427A00C03B88 /* Preview Content */,
			);
			path = "Senac-1-proj";
			sourceTree = "<group>";
		};
		C2F6AB042724427A00C03B88 /* Preview Content */ = {
			isa = PBXGroup;
			children = (
				C2F6AB052724427A00C03B88 /* Preview Assets.xcassets */,
			);
			path = "Preview Content";
			sourceTree = "<group>";
		};
		C2F6AB0E2724432C00C03B88 /* Model */ = {
			isa = PBXGroup;
			children = (
				C2F6AB102724449E00C03B88 /* Note.swift */,
				C2F6AB13272447DE00C03B88 /* ContainerNotes.swift */,
			);
			path = Model;
			sourceTree = "<group>";
		};
		C2F6AB162724482100C03B88 /* View */ = {
			isa = PBXGroup;
			children = (
				C2F6AB002724427900C03B88 /* NotesView.swift */,
				C2F6AB1827244C2500C03B88 /* NotessView.swift */,
			);
			path = View;
			sourceTree = "<group>";
		};
/* End PBXGroup section */

/* Begin PBXNativeTarget section */
		C2F6AAFA2724427900C03B88 /* Senac-1-proj */ = {
			isa = PBXNativeTarget;
			buildConfigurationList = C2F6AB0A2724427A00C03B88 /* Build configuration list for PBXNativeTarget "Senac-1-proj" */;
			buildPhases = (
				C2F6AAF72724427900C03B88 /* Sources */,
				C2F6AAF82724427900C03B88 /* Frameworks */,
				C2F6AAF92724427900C03B88 /* Resources */,
			);
			buildRules = (
			);
			dependencies = (
			);
			name = "Senac-1-proj";
			productName = "Senac-1-proj";
			productReference = C2F6AAFB2724427900C03B88 /* Senac-1-proj.app */;
			productType = "com.apple.product-type.application";
		};
/* End PBXNativeTarget section */

/* Begin PBXProject section */
		C2F6AAF32724427900C03B88 /* Project object */ = {
			isa = PBXProject;
			attributes = {
				LastSwiftUpdateCheck = 1220;
				LastUpgradeCheck = 1220;
				TargetAttributes = {
					C2F6AAFA2724427900C03B88 = {
						CreatedOnToolsVersion = 12.2;
					};
				};
			};
			buildConfigurationList = C2F6AAF62724427900C03B88 /* Build configuration list for PBXProject "Senac-1-proj" */;
			compatibilityVersion = "Xcode 9.3";
			developmentRegion = en;
			hasScannedForEncodings = 0;
			knownRegions = (
				en,
				Base,
			);
			mainGroup = C2F6AAF22724427900C03B88;
			productRefGroup = C2F6AAFC2724427900C03B88 /* Products */;
			projectDirPath = "";
			projectRoot = "";
			targets = (
				C2F6AAFA2724427900C03B88 /* Senac-1-proj */,
			);
		};
/* End PBXProject section */

/* Begin PBXResourcesBuildPhase section */
		C2F6AAF92724427900C03B88 /* Resources */ = {
			isa = PBXResourcesBuildPhase;
			buildActionMask = 2147483647;
			files = (
				C2F6AB062724427A00C03B88 /* Preview Assets.xcassets in Resources */,
				C2F6AB032724427A00C03B88 /* Assets.xcassets in Resources */,
			);
			runOnlyForDeploymentPostprocessing = 0;
		};
/* End PBXResourcesBuildPhase section */

/* Begin PBXSourcesBuildPhase section */
		C2F6AAF72724427900C03B88 /* Sources */ = {
			isa = PBXSourcesBuildPhase;
			buildActionMask = 2147483647;
			files = (
				C2F6AB012724427900C03B88 /* NotesView.swift in Sources */,
				C2F6AAFF2724427900C03B88 /* Senac_1_projApp.swift in Sources */,
				C2F6AB1927244C2500C03B88 /* NotessView.swift in Sources */,
				C2F6AB112724449E00C03B88 /* Note.swift in Sources */,
				C2F6AB14272447DE00C03B88 /* ContainerNotes.swift in Sources */,
			);
			runOnlyForDeploymentPostprocessing = 0;
		};
/* End PBXSourcesBuildPhase section */

/* Begin XCBuildConfiguration section */
		C2F6AB082724427A00C03B88 /* Debug */ = {
			isa = XCBuildConfiguration;
			buildSettings = {
				ALWAYS_SEARCH_USER_PATHS = NO;
				CLANG_ANALYZER_NONNULL = YES;
				CLANG_ANALYZER_NUMBER_OBJECT_CONVERSION = YES_AGGRESSIVE;
				CLANG_CXX_LANGUAGE_STANDARD = "gnu++14";
				CLANG_CXX_LIBRARY = "libc++";
				CLANG_ENABLE_MODULES = YES;
				CLANG_ENABLE_OBJC_ARC = YES;
				CLANG_ENABLE_OBJC_WEAK = YES;
				CLANG_WARN_BLOCK_CAPTURE_AUTORELEASING = YES;
				CLANG_WARN_BOOL_CONVERSION = YES;
				CLANG_WARN_COMMA = YES;
				CLANG_WARN_CONSTANT_CONVERSION = YES;
				CLANG_WARN_DEPRECATED_OBJC_IMPLEMENTATIONS = YES;
				CLANG_WARN_DIRECT_OBJC_ISA_USAGE = YES_ERROR;
				CLANG_WARN_DOCUMENTATION_COMMENTS = YES;
				CLANG_WARN_EMPTY_BODY = YES;
				CLANG_WARN_ENUM_CONVERSION = YES;
				CLANG_WARN_INFINITE_RECURSION = YES;
				CLANG_WARN_INT_CONVERSION = YES;
				CLANG_WARN_NON_LITERAL_NULL_CONVERSION = YES;
				CLANG_WARN_OBJC_IMPLICIT_RETAIN_SELF = YES;
				CLANG_WARN_OBJC_LITERAL_CONVERSION = YES;
				CLANG_WARN_OBJC_ROOT_CLASS = YES_ERROR;
				CLANG_WARN_QUOTED_INCLUDE_IN_FRAMEWORK_HEADER = YES;
				CLANG_WARN_RANGE_LOOP_ANALYSIS = YES;
				CLANG_WARN_STRICT_PROTOTYPES = YES;
				CLANG_WARN_SUSPICIOUS_MOVE = YES;
				CLANG_WARN_UNGUARDED_AVAILABILITY = YES_AGGRESSIVE;
				CLANG_WARN_UNREACHABLE_CODE = YES;
				CLANG_WARN__DUPLICATE_METHOD_MATCH = YES;
				COPY_PHASE_STRIP = NO;
				DEBUG_INFORMATION_FORMAT = dwarf;
				ENABLE_STRICT_OBJC_MSGSEND = YES;
				ENABLE_TESTABILITY = YES;
				GCC_C_LANGUAGE_STANDARD = gnu11;
				GCC_DYNAMIC_NO_PIC = NO;
				GCC_NO_COMMON_BLOCKS = YES;
				GCC_OPTIMIZATION_LEVEL = 0;
				GCC_PREPROCESSOR_DEFINITIONS = (
					"DEBUG=1",
					"$(inherited)",
				);
				GCC_WARN_64_TO_32_BIT_CONVERSION = YES;
				GCC_WARN_ABOUT_RETURN_TYPE = YES_ERROR;
				GCC_WARN_UNDECLARED_SELECTOR = YES;
				GCC_WARN_UNINITIALIZED_AUTOS = YES_AGGRESSIVE;
				GCC_WARN_UNUSED_FUNCTION = YES;
				GCC_WARN_UNUSED_VARIABLE = YES;
				IPHONEOS_DEPLOYMENT_TARGET = 14.2;
				MTL_ENABLE_DEBUG_INFO = INCLUDE_SOURCE;
				MTL_FAST_MATH = YES;
				ONLY_ACTIVE_ARCH = YES;
				SDKROOT = iphoneos;
				SWIFT_ACTIVE_COMPILATION_CONDITIONS = DEBUG;
				SWIFT_OPTIMIZATION_LEVEL = "-Onone";
			};
			name = Debug;
		};
		C2F6AB092724427A00C03B88 /* Release */ = {
			isa = XCBuildConfiguration;
			buildSettings = {
				ALWAYS_SEARCH_USER_PATHS = NO;
				CLANG_ANALYZER_NONNULL = YES;
				CLANG_ANALYZER_NUMBER_OBJECT_CONVERSION = YES_AGGRESSIVE;
				CLANG_CXX_LANGUAGE_STANDARD = "gnu++14";
				CLANG_CXX_LIBRARY = "libc++";
				CLANG_ENABLE_MODULES = YES;
				CLANG_ENABLE_OBJC_ARC = YES;
				CLANG_ENABLE_OBJC_WEAK = YES;
				CLANG_WARN_BLOCK_CAPTURE_AUTORELEASING = YES;
				CLANG_WARN_BOOL_CONVERSION = YES;
				CLANG_WARN_COMMA = YES;
				CLANG_WARN_CONSTANT_CONVERSION = YES;
				CLANG_WARN_DEPRECATED_OBJC_IMPLEMENTATIONS = YES;
				CLANG_WARN_DIRECT_OBJC_ISA_USAGE = YES_ERROR;
				CLANG_WARN_DOCUMENTATION_COMMENTS = YES;
				CLANG_WARN_EMPTY_BODY = YES;
				CLANG_WARN_ENUM_CONVERSION = YES;
				CLANG_WARN_INFINITE_RECURSION = YES;
				CLANG_WARN_INT_CONVERSION = YES;
				CLANG_WARN_NON_LITERAL_NULL_CONVERSION = YES;
				CLANG_WARN_OBJC_IMPLICIT_RETAIN_SELF = YES;
				CLANG_WARN_OBJC_LITERAL_CONVERSION = YES;
				CLANG_WARN_OBJC_ROOT_CLASS = YES_ERROR;
				CLANG_WARN_QUOTED_INCLUDE_IN_FRAMEWORK_HEADER = YES;
				CLANG_WARN_RANGE_LOOP_ANALYSIS = YES;
				CLANG_WARN_STRICT_PROTOTYPES = YES;
				CLANG_WARN_SUSPICIOUS_MOVE = YES;
				CLANG_WARN_UNGUARDED_AVAILABILITY = YES_AGGRESSIVE;
				CLANG_WARN_UNREACHABLE_CODE = YES;
				CLANG_WARN__DUPLICATE_METHOD_MATCH = YES;
				COPY_PHASE_STRIP = NO;
				DEBUG_INFORMATION_FORMAT = "dwarf-with-dsym";
				ENABLE_NS_ASSERTIONS = NO;
				ENABLE_STRICT_OBJC_MSGSEND = YES;
				GCC_C_LANGUAGE_STANDARD = gnu11;
				GCC_NO_COMMON_BLOCKS = YES;
				GCC_WARN_64_TO_32_BIT_CONVERSION = YES;
				GCC_WARN_ABOUT_RETURN_TYPE = YES_ERROR;
				GCC_WARN_UNDECLARED_SELECTOR = YES;
				GCC_WARN_UNINITIALIZED_AUTOS = YES_AGGRESSIVE;
				GCC_WARN_UNUSED_FUNCTION = YES;
				GCC_WARN_UNUSED_VARIABLE = YES;
				IPHONEOS_DEPLOYMENT_TARGET = 14.2;
				MTL_ENABLE_DEBUG_INFO = NO;
				MTL_FAST_MATH = YES;
				SDKROOT = iphoneos;
				SWIFT_COMPILATION_MODE = wholemodule;
				SWIFT_OPTIMIZATION_LEVEL = "-O";
				VALIDATE_PRODUCT = YES;
			};
			name = Release;
		};
		C2F6AB0B2724427A00C03B88 /* Debug */ = {
			isa = XCBuildConfiguration;
			buildSettings = {
				ASSETCATALOG_COMPILER_APPICON_NAME = AppIcon;
				ASSETCATALOG_COMPILER_GLOBAL_ACCENT_COLOR_NAME = AccentColor;
				CODE_SIGN_STYLE = Automatic;
				DEVELOPMENT_ASSET_PATHS = "\"Senac-1-proj/Preview Content\"";
				ENABLE_PREVIEWS = YES;
				INFOPLIST_FILE = "Senac-1-proj/Info.plist";
				IPHONEOS_DEPLOYMENT_TARGET = 14.0;
				LD_RUNPATH_SEARCH_PATHS = (
					"$(inherited)",
					"@executable_path/Frameworks",
				);
				PRODUCT_BUNDLE_IDENTIFIER = "br.com.diego.Senac-1-proj";
				PRODUCT_NAME = "$(TARGET_NAME)";
				SWIFT_VERSION = 5.0;
				TARGETED_DEVICE_FAMILY = "1,2";
			};
			name = Debug;
		};
		C2F6AB0C2724427A00C03B88 /* Release */ = {
			isa = XCBuildConfiguration;
			buildSettings = {
				ASSETCATALOG_COMPILER_APPICON_NAME = AppIcon;
				ASSETCATALOG_COMPILER_GLOBAL_ACCENT_COLOR_NAME = AccentColor;
				CODE_SIGN_STYLE = Automatic;
				DEVELOPMENT_ASSET_PATHS = "\"Senac-1-proj/Preview Content\"";
				ENABLE_PREVIEWS = YES;
				INFOPLIST_FILE = "Senac-1-proj/Info.plist";
				IPHONEOS_DEPLOYMENT_TARGET = 14.0;
				LD_RUNPATH_SEARCH_PATHS = (
					"$(inherited)",
					"@executable_path/Frameworks",
				);
				PRODUCT_BUNDLE_IDENTIFIER = "br.com.diego.Senac-1-proj";
				PRODUCT_NAME = "$(TARGET_NAME)";
				SWIFT_VERSION = 5.0;
				TARGETED_DEVICE_FAMILY = "1,2";
			};
			name = Release;
		};
/* End XCBuildConfiguration section */

/* Begin XCConfigurationList section */
		C2F6AAF62724427900C03B88 /* Build configuration list for PBXProject "Senac-1-proj" */ = {
			isa = XCConfigurationList;
			buildConfigurations = (
				C2F6AB082724427A00C03B88 /* Debug */,
				C2F6AB092724427A00C03B88 /* Release */,
			);
			defaultConfigurationIsVisible = 0;
			defaultConfigurationName = Release;
		};
		C2F6AB0A2724427A00C03B88 /* Build configuration list for PBXNativeTarget "Senac-1-proj" */ = {
			isa = XCConfigurationList;
			buildConfigurations = (
				C2F6AB0B2724427A00C03B88 /* Debug */,
				C2F6AB0C2724427A00C03B88 /* Release */,
			);
			defaultConfigurationIsVisible = 0;
			defaultConfigurationName = Release;
		};
/* End XCConfigurationList section */
	};
	rootObject = C2F6AAF32724427900C03B88 /* Project object */;
}
